
Microsoft Visual Studio Solution File, Format Version 12.00
# Visual Studio Version 16
VisualStudioVersion = 16.0.31410.357
MinimumVisualStudioVersion = 10.0.40219.1
Project("{FAE04EC0-301F-11D3-BF4B-00C04F79EFBC}") = "unblockme", "unblockme\unblockme.csproj", "{F6612424-9FAB-4268-965D-D059BB53D555}"
EndProject
Global
	GlobalSection(SolutionConfigurationPlatforms) = preSolution
		Debug|Any CPU = Debug|Any CPU
		Release|Any CPU = Release|Any CPU
	EndGlobalSection
	GlobalSection(ProjectConfigurationPlatforms) = postSolution
		{F6612424-9FAB-4268-965D-D059BB53D555}.Debug|Any CPU.ActiveCfg = Debug|Any CPU
		{F6612424-9FAB-4268-965D-D059BB53D555}.Debug|Any CPU.Build.0 = Debug|Any CPU
		{F6612424-9FAB-4268-965D-D059BB53D555}.Release|Any CPU.ActiveCfg = Release|Any CPU
		{F6612424-9FAB-4268-965D-D059BB53D555}.Release|Any CPU.Build.0 = Release|Any CPU
	EndGlobalSection
	GlobalSection(SolutionProperties) = preSolution
		HideSolutionNode = FALSE
	EndGlobalSection
	GlobalSection(ExtensibilityGlobals) = postSolution
		SolutionGuid = {F08A5E4D-B6AD-418E-85BC-13F22AF063AA}
	EndGlobalSection
EndGlobal
